
Microsoft Visual Studio Solution File, Format Version 12.00
# Visual Studio Version 17
VisualStudioVersion = 17.0.31903.59
MinimumVisualStudioVersion = 10.0.40219.1
Project("{2150E333-8FDC-42A3-9474-1A3956D46DE8}") = "src", "src", "{827E0CD3-B72D-47B6-A68D-7590B98EB39B}"
EndProject
Project("{FAE04EC0-301F-11D3-BF4B-00C04F79EFBC}") = "MonitorScreenSaver.Core", "src\MonitorScreenSaver.Core\MonitorScreenSaver.Core.csproj", "{DAE7EF4A-B2DD-47E4-8767-46BFED695828}"
EndProject
Project("{FAE04EC0-301F-11D3-BF4B-00C04F79EFBC}") = "MonitorScreenSaver.Windows", "src\MonitorScreenSaver.Windows\MonitorScreenSaver.Windows.csproj", "{1E97BC5E-BE84-4253-A6CD-097B30702BD6}"
EndProject
Project("{FAE04EC0-301F-11D3-BF4B-00C04F79EFBC}") = "MonitorScreenSaver.Mac", "src\MonitorScreenSaver.Mac\MonitorScreenSaver.Mac.csproj", "{530FD312-0468-461D-AC84-8D3CF04CA752}"
EndProject
Global
	GlobalSection(SolutionConfigurationPlatforms) = preSolution
		Debug|Any CPU = Debug|Any CPU
		Debug|x64 = Debug|x64
		Debug|x86 = Debug|x86
		Release|Any CPU = Release|Any CPU
		Release|x64 = Release|x64
		Release|x86 = Release|x86
	EndGlobalSection
	GlobalSection(ProjectConfigurationPlatforms) = postSolution
		{DAE7EF4A-B2DD-47E4-8767-46BFED695828}.Debug|Any CPU.ActiveCfg = Debug|Any CPU
		{DAE7EF4A-B2DD-47E4-8767-46BFED695828}.Debug|Any CPU.Build.0 = Debug|Any CPU
		{DAE7EF4A-B2DD-47E4-8767-46BFED695828}.Debug|x64.ActiveCfg = Debug|Any CPU
		{DAE7EF4A-B2DD-47E4-8767-46BFED695828}.Debug|x64.Build.0 = Debug|Any CPU
		{DAE7EF4A-B2DD-47E4-8767-46BFED695828}.Debug|x86.ActiveCfg = Debug|Any CPU
		{DAE7EF4A-B2DD-47E4-8767-46BFED695828}.Debug|x86.Build.0 = Debug|Any CPU
		{DAE7EF4A-B2DD-47E4-8767-46BFED695828}.Release|Any CPU.ActiveCfg = Release|Any CPU
		{DAE7EF4A-B2DD-47E4-8767-46BFED695828}.Release|Any CPU.Build.0 = Release|Any CPU
		{DAE7EF4A-B2DD-47E4-8767-46BFED695828}.Release|x64.ActiveCfg = Release|Any CPU
		{DAE7EF4A-B2DD-47E4-8767-46BFED695828}.Release|x64.Build.0 = Release|Any CPU
		{DAE7EF4A-B2DD-47E4-8767-46BFED695828}.Release|x86.ActiveCfg = Release|Any CPU
		{DAE7EF4A-B2DD-47E4-8767-46BFED695828}.Release|x86.Build.0 = Release|Any CPU
		{1E97BC5E-BE84-4253-A6CD-097B30702BD6}.Debug|Any CPU.ActiveCfg = Debug|Any CPU
		{1E97BC5E-BE84-4253-A6CD-097B30702BD6}.Debug|Any CPU.Build.0 = Debug|Any CPU
		{1E97BC5E-BE84-4253-A6CD-097B30702BD6}.Debug|x64.ActiveCfg = Debug|Any CPU
		{1E97BC5E-BE84-4253-A6CD-097B30702BD6}.Debug|x64.Build.0 = Debug|Any CPU
		{1E97BC5E-BE84-4253-A6CD-097B30702BD6}.Debug|x86.ActiveCfg = Debug|Any CPU
		{1E97BC5E-BE84-4253-A6CD-097B30702BD6}.Debug|x86.Build.0 = Debug|Any CPU
		{1E97BC5E-BE84-4253-A6CD-097B30702BD6}.Release|Any CPU.ActiveCfg = Release|Any CPU
		{1E97BC5E-BE84-4253-A6CD-097B30702BD6}.Release|Any CPU.Build.0 = Release|Any CPU
		{1E97BC5E-BE84-4253-A6CD-097B30702BD6}.Release|x64.ActiveCfg = Release|Any CPU
		{1E97BC5E-BE84-4253-A6CD-097B30702BD6}.Release|x64.Build.0 = Release|Any CPU
		{1E97BC5E-BE84-4253-A6CD-097B30702BD6}.Release|x86.ActiveCfg = Release|Any CPU
		{1E97BC5E-BE84-4253-A6CD-097B30702BD6}.Release|x86.Build.0 = Release|Any CPU
		{530FD312-0468-461D-AC84-8D3CF04CA752}.Debug|Any CPU.ActiveCfg = Debug|Any CPU
		{530FD312-0468-461D-AC84-8D3CF04CA752}.Debug|Any CPU.Build.0 = Debug|Any CPU
		{530FD312-0468-461D-AC84-8D3CF04CA752}.Debug|x64.ActiveCfg = Debug|Any CPU
		{530FD312-0468-461D-AC84-8D3CF04CA752}.Debug|x64.Build.0 = Debug|Any CPU
		{530FD312-0468-461D-AC84-8D3CF04CA752}.Debug|x86.ActiveCfg = Debug|Any CPU
		{530FD312-0468-461D-AC84-8D3CF04CA752}.Debug|x86.Build.0 = Debug|Any CPU
		{530FD312-0468-461D-AC84-8D3CF04CA752}.Release|Any CPU.ActiveCfg = Release|Any CPU
		{530FD312-0468-461D-AC84-8D3CF04CA752}.Release|Any CPU.Build.0 = Release|Any CPU
		{530FD312-0468-461D-AC84-8D3CF04CA752}.Release|x64.ActiveCfg = Release|Any CPU
		{530FD312-0468-461D-AC84-8D3CF04CA752}.Release|x64.Build.0 = Release|Any CPU
		{530FD312-0468-461D-AC84-8D3CF04CA752}.Release|x86.ActiveCfg = Release|Any CPU
		{530FD312-0468-461D-AC84-8D3CF04CA752}.Release|x86.Build.0 = Release|Any CPU
	EndGlobalSection
	GlobalSection(SolutionProperties) = preSolution
		HideSolutionNode = FALSE
	EndGlobalSection
	GlobalSection(NestedProjects) = preSolution
		{DAE7EF4A-B2DD-47E4-8767-46BFED695828} = {827E0CD3-B72D-47B6-A68D-7590B98EB39B}
		{1E97BC5E-BE84-4253-A6CD-097B30702BD6} = {827E0CD3-B72D-47B6-A68D-7590B98EB39B}
		{530FD312-0468-461D-AC84-8D3CF04CA752} = {827E0CD3-B72D-47B6-A68D-7590B98EB39B}
	EndGlobalSection
EndGlobal
